
Microsoft Visual Studio Solution File, Format Version 12.00
# Visual Studio Version 17
VisualStudioVersion = 17.5.33530.505
MinimumVisualStudioVersion = 10.0.40219.1
Project("{9A19103F-16F7-4668-BE54-9A1E7A4F7556}") = "QuizApp", "QuizApp\QuizApp.csproj", "{20F4836F-ADFC-4689-90A8-DCE7DAE62FD5}"
EndProject
Project("{9A19103F-16F7-4668-BE54-9A1E7A4F7556}") = "MedicalBot", "MedicalBot\MedicalBot.csproj", "{89F34C3E-D056-40B4-B75F-0FDDA29B1DD5}"
EndProject
Project("{9A19103F-16F7-4668-BE54-9A1E7A4F7556}") = "TypeConersion", "TypeConersion\TypeConersion.csproj", "{167C02C4-DC9D-4FD9-A0A5-A28321240CE3}"
EndProject
Project("{9A19103F-16F7-4668-BE54-9A1E7A4F7556}") = "ATMPinValidation", "ATMPinValidation\ATMPinValidation.csproj", "{D1F5E7F4-C7A9-4CEE-9B04-7F422D4666DC}"
EndProject
Project("{FAE04EC0-301F-11D3-BF4B-00C04F79EFBC}") = "GamingCharacters", "GamingCharacters\GamingCharacters.csproj", "{C603531E-4FD6-49D8-A9D7-EA977AB894F5}"
EndProject
Global
	GlobalSection(SolutionConfigurationPlatforms) = preSolution
		Debug|Any CPU = Debug|Any CPU
		Release|Any CPU = Release|Any CPU
	EndGlobalSection
	GlobalSection(ProjectConfigurationPlatforms) = postSolution
		{20F4836F-ADFC-4689-90A8-DCE7DAE62FD5}.Debug|Any CPU.ActiveCfg = Debug|Any CPU
		{20F4836F-ADFC-4689-90A8-DCE7DAE62FD5}.Debug|Any CPU.Build.0 = Debug|Any CPU
		{20F4836F-ADFC-4689-90A8-DCE7DAE62FD5}.Release|Any CPU.ActiveCfg = Release|Any CPU
		{20F4836F-ADFC-4689-90A8-DCE7DAE62FD5}.Release|Any CPU.Build.0 = Release|Any CPU
		{89F34C3E-D056-40B4-B75F-0FDDA29B1DD5}.Debug|Any CPU.ActiveCfg = Debug|Any CPU
		{89F34C3E-D056-40B4-B75F-0FDDA29B1DD5}.Debug|Any CPU.Build.0 = Debug|Any CPU
		{89F34C3E-D056-40B4-B75F-0FDDA29B1DD5}.Release|Any CPU.ActiveCfg = Release|Any CPU
		{89F34C3E-D056-40B4-B75F-0FDDA29B1DD5}.Release|Any CPU.Build.0 = Release|Any CPU
		{167C02C4-DC9D-4FD9-A0A5-A28321240CE3}.Debug|Any CPU.ActiveCfg = Debug|Any CPU
		{167C02C4-DC9D-4FD9-A0A5-A28321240CE3}.Debug|Any CPU.Build.0 = Debug|Any CPU
		{167C02C4-DC9D-4FD9-A0A5-A28321240CE3}.Release|Any CPU.ActiveCfg = Release|Any CPU
		{167C02C4-DC9D-4FD9-A0A5-A28321240CE3}.Release|Any CPU.Build.0 = Release|Any CPU
		{D1F5E7F4-C7A9-4CEE-9B04-7F422D4666DC}.Debug|Any CPU.ActiveCfg = Debug|Any CPU
		{D1F5E7F4-C7A9-4CEE-9B04-7F422D4666DC}.Debug|Any CPU.Build.0 = Debug|Any CPU
		{D1F5E7F4-C7A9-4CEE-9B04-7F422D4666DC}.Release|Any CPU.ActiveCfg = Release|Any CPU
		{D1F5E7F4-C7A9-4CEE-9B04-7F422D4666DC}.Release|Any CPU.Build.0 = Release|Any CPU
		{C603531E-4FD6-49D8-A9D7-EA977AB894F5}.Debug|Any CPU.ActiveCfg = Debug|Any CPU
		{C603531E-4FD6-49D8-A9D7-EA977AB894F5}.Debug|Any CPU.Build.0 = Debug|Any CPU
		{C603531E-4FD6-49D8-A9D7-EA977AB894F5}.Release|Any CPU.ActiveCfg = Release|Any CPU
		{C603531E-4FD6-49D8-A9D7-EA977AB894F5}.Release|Any CPU.Build.0 = Release|Any CPU
	EndGlobalSection
	GlobalSection(SolutionProperties) = preSolution
		HideSolutionNode = FALSE
	EndGlobalSection
	GlobalSection(ExtensibilityGlobals) = postSolution
		SolutionGuid = {73B6D032-D1D2-42BA-B3AD-1552EF3A535F}
	EndGlobalSection
EndGlobal
